
Microsoft Visual Studio Solution File, Format Version 12.00
# Visual Studio Version 17
VisualStudioVersion = 17.4.33213.308
MinimumVisualStudioVersion = 10.0.40219.1
Project("{FAE04EC0-301F-11D3-BF4B-00C04F79EFBC}") = "DependencySearch", "DependencySearch\DependencySearch.csproj", "{118AEAD6-0260-4115-8F05-5434617F8ACA}"
EndProject
Global
	GlobalSection(SolutionConfigurationPlatforms) = preSolution
		Debug|Any CPU = Debug|Any CPU
		Release|Any CPU = Release|Any CPU
	EndGlobalSection
	GlobalSection(ProjectConfigurationPlatforms) = postSolution
		{118AEAD6-0260-4115-8F05-5434617F8ACA}.Debug|Any CPU.ActiveCfg = Debug|Any CPU
		{118AEAD6-0260-4115-8F05-5434617F8ACA}.Debug|Any CPU.Build.0 = Debug|Any CPU
		{118AEAD6-0260-4115-8F05-5434617F8ACA}.Release|Any CPU.ActiveCfg = Release|Any CPU
		{118AEAD6-0260-4115-8F05-5434617F8ACA}.Release|Any CPU.Build.0 = Release|Any CPU
	EndGlobalSection
	GlobalSection(SolutionProperties) = preSolution
		HideSolutionNode = FALSE
	EndGlobalSection
	GlobalSection(ExtensibilityGlobals) = postSolution
		SolutionGuid = {504F84A5-8506-459A-B03E-1E51871204DD}
	EndGlobalSection
EndGlobal
